// !$*UTF8*$!
{
	archiveVersion = 1;
	classes = {
	};
	objectVersion = 50;
	objects = {

/* Begin PBXBuildFile section */
		286D3D7A24B9BFFC006CB649 /* BuildTestApp.swift in Sources */ = {isa = PBXBuildFile; fileRef = 286D3D7924B9BFFC006CB649 /* BuildTestApp.swift */; };
		286D3D7C24B9BFFC006CB649 /* ContentView.swift in Sources */ = {isa = PBXBuildFile; fileRef = 286D3D7B24B9BFFC006CB649 /* ContentView.swift */; };
		286D3D7E24B9BFFD006CB649 /* Assets.xcassets in Resources */ = {isa = PBXBuildFile; fileRef = 286D3D7D24B9BFFD006CB649 /* Assets.xcassets */; };
		286D3D8124B9BFFD006CB649 /* Preview Assets.xcassets in Resources */ = {isa = PBXBuildFile; fileRef = 286D3D8024B9BFFD006CB649 /* Preview Assets.xcassets */; };
		286D3D8C24B9BFFD006CB649 /* BuildTestTests.swift in Sources */ = {isa = PBXBuildFile; fileRef = 286D3D8B24B9BFFD006CB649 /* BuildTestTests.swift */; };
		286D3D9724B9BFFD006CB649 /* BuildTestUITests.swift in Sources */ = {isa = PBXBuildFile; fileRef = 286D3D9624B9BFFD006CB649 /* BuildTestUITests.swift */; };
		286D3DA624B9C28F006CB649 /* ContentView.swift in Sources */ = {isa = PBXBuildFile; fileRef = 286D3D7B24B9BFFC006CB649 /* ContentView.swift */; };
		286D3DA724B9C28F006CB649 /* BuildTestApp.swift in Sources */ = {isa = PBXBuildFile; fileRef = 286D3D7924B9BFFC006CB649 /* BuildTestApp.swift */; };
		286D3DAA24B9C28F006CB649 /* Preview Assets.xcassets in Resources */ = {isa = PBXBuildFile; fileRef = 286D3D8024B9BFFD006CB649 /* Preview Assets.xcassets */; };
		286D3DB324B9C29D006CB649 /* ContentView.swift in Sources */ = {isa = PBXBuildFile; fileRef = 286D3D7B24B9BFFC006CB649 /* ContentView.swift */; };
		286D3DB424B9C29D006CB649 /* BuildTestApp.swift in Sources */ = {isa = PBXBuildFile; fileRef = 286D3D7924B9BFFC006CB649 /* BuildTestApp.swift */; };
		286D3DB724B9C29D006CB649 /* Preview Assets.xcassets in Resources */ = {isa = PBXBuildFile; fileRef = 286D3D8024B9BFFD006CB649 /* Preview Assets.xcassets */; };
		286D3DC024B9C2B0006CB649 /* ContentView.swift in Sources */ = {isa = PBXBuildFile; fileRef = 286D3D7B24B9BFFC006CB649 /* ContentView.swift */; };
		286D3DC124B9C2B0006CB649 /* BuildTestApp.swift in Sources */ = {isa = PBXBuildFile; fileRef = 286D3D7924B9BFFC006CB649 /* BuildTestApp.swift */; };
		286D3DC424B9C2B0006CB649 /* Preview Assets.xcassets in Resources */ = {isa = PBXBuildFile; fileRef = 286D3D8024B9BFFD006CB649 /* Preview Assets.xcassets */; };
		286D3DE624B9F0FE006CB649 /* Assets.xcassets in Resources */ = {isa = PBXBuildFile; fileRef = 286D3DE524B9F0FE006CB649 /* Assets.xcassets */; };
		286D3DE824B9F114006CB649 /* Assets.xcassets in Resources */ = {isa = PBXBuildFile; fileRef = 286D3DE724B9F114006CB649 /* Assets.xcassets */; };
		286D3DEA24B9F134006CB649 /* Assets.xcassets in Resources */ = {isa = PBXBuildFile; fileRef = 286D3DE924B9F134006CB649 /* Assets.xcassets */; };
		286D3DEC24B9F6A7006CB649 /* Colors.xcassets in Resources */ = {isa = PBXBuildFile; fileRef = 286D3DEB24B9F6A7006CB649 /* Colors.xcassets */; };
		286D3DEE24B9F6F4006CB649 /* Colors.xcassets in Resources */ = {isa = PBXBuildFile; fileRef = 286D3DED24B9F6F4006CB649 /* Colors.xcassets */; };
		286D3DF024B9F705006CB649 /* Colors.xcassets in Resources */ = {isa = PBXBuildFile; fileRef = 286D3DEF24B9F705006CB649 /* Colors.xcassets */; };
		286D3DF224B9F716006CB649 /* Colors.xcassets in Resources */ = {isa = PBXBuildFile; fileRef = 286D3DF124B9F716006CB649 /* Colors.xcassets */; };
		289E3EF024BA01A5007D4D5C /* Configuration.swift in Sources */ = {isa = PBXBuildFile; fileRef = 289E3EEF24BA01A5007D4D5C /* Configuration.swift */; };
		289E3EF124BA01A5007D4D5C /* Configuration.swift in Sources */ = {isa = PBXBuildFile; fileRef = 289E3EEF24BA01A5007D4D5C /* Configuration.swift */; };
		289E3EF224BA01A5007D4D5C /* Configuration.swift in Sources */ = {isa = PBXBuildFile; fileRef = 289E3EEF24BA01A5007D4D5C /* Configuration.swift */; };
		289E3EF324BA01A5007D4D5C /* Configuration.swift in Sources */ = {isa = PBXBuildFile; fileRef = 289E3EEF24BA01A5007D4D5C /* Configuration.swift */; };
/* End PBXBuildFile section */

/* Begin PBXContainerItemProxy section */
		286D3D8824B9BFFD006CB649 /* PBXContainerItemProxy */ = {
			isa = PBXContainerItemProxy;
			containerPortal = 286D3D6E24B9BFFC006CB649 /* Project object */;
			proxyType = 1;
			remoteGlobalIDString = 286D3D7524B9BFFC006CB649;
			remoteInfo = BuildTest;
		};
		286D3D9324B9BFFD006CB649 /* PBXContainerItemProxy */ = {
			isa = PBXContainerItemProxy;
			containerPortal = 286D3D6E24B9BFFC006CB649 /* Project object */;
			proxyType = 1;
			remoteGlobalIDString = 286D3D7524B9BFFC006CB649;
			remoteInfo = BuildTest;
		};
/* End PBXContainerItemProxy section */

/* Begin PBXFileReference section */
		286D3D7624B9BFFC006CB649 /* BuildTest (Green).app */ = {isa = PBXFileReference; explicitFileType = wrapper.application; includeInIndex = 0; path = "BuildTest (Green).app"; sourceTree = BUILT_PRODUCTS_DIR; };
		286D3D7924B9BFFC006CB649 /* BuildTestApp.swift */ = {isa = PBXFileReference; lastKnownFileType = sourcecode.swift; path = BuildTestApp.swift; sourceTree = "<group>"; };
		286D3D7B24B9BFFC006CB649 /* ContentView.swift */ = {isa = PBXFileReference; lastKnownFileType = sourcecode.swift; path = ContentView.swift; sourceTree = "<group>"; };
		286D3D7D24B9BFFD006CB649 /* Assets.xcassets */ = {isa = PBXFileReference; lastKnownFileType = folder.assetcatalog; path = Assets.xcassets; sourceTree = "<group>"; };
		286D3D8024B9BFFD006CB649 /* Preview Assets.xcassets */ = {isa = PBXFileReference; lastKnownFileType = folder.assetcatalog; path = "Preview Assets.xcassets"; sourceTree = "<group>"; };
		286D3D8724B9BFFD006CB649 /* BuildTestTests.xctest */ = {isa = PBXFileReference; explicitFileType = wrapper.cfbundle; includeInIndex = 0; path = BuildTestTests.xctest; sourceTree = BUILT_PRODUCTS_DIR; };
		286D3D8B24B9BFFD006CB649 /* BuildTestTests.swift */ = {isa = PBXFileReference; lastKnownFileType = sourcecode.swift; path = BuildTestTests.swift; sourceTree = "<group>"; };
		286D3D8D24B9BFFD006CB649 /* Info.plist */ = {isa = PBXFileReference; lastKnownFileType = text.plist.xml; path = Info.plist; sourceTree = "<group>"; };
		286D3D9224B9BFFD006CB649 /* BuildTestUITests.xctest */ = {isa = PBXFileReference; explicitFileType = wrapper.cfbundle; includeInIndex = 0; path = BuildTestUITests.xctest; sourceTree = BUILT_PRODUCTS_DIR; };
		286D3D9624B9BFFD006CB649 /* BuildTestUITests.swift */ = {isa = PBXFileReference; lastKnownFileType = sourcecode.swift; path = BuildTestUITests.swift; sourceTree = "<group>"; };
		286D3D9824B9BFFD006CB649 /* Info.plist */ = {isa = PBXFileReference; lastKnownFileType = text.plist.xml; path = Info.plist; sourceTree = "<group>"; };
		286D3DAF24B9C28F006CB649 /* BuildTest (Blue).app */ = {isa = PBXFileReference; explicitFileType = wrapper.application; includeInIndex = 0; path = "BuildTest (Blue).app"; sourceTree = BUILT_PRODUCTS_DIR; };
		286D3DBC24B9C29D006CB649 /* BuildTest (Yellow).app */ = {isa = PBXFileReference; explicitFileType = wrapper.application; includeInIndex = 0; path = "BuildTest (Yellow).app"; sourceTree = BUILT_PRODUCTS_DIR; };
		286D3DC924B9C2B0006CB649 /* BuildTest (Red).app */ = {isa = PBXFileReference; explicitFileType = wrapper.application; includeInIndex = 0; path = "BuildTest (Red).app"; sourceTree = BUILT_PRODUCTS_DIR; };
		286D3DE524B9F0FE006CB649 /* Assets.xcassets */ = {isa = PBXFileReference; lastKnownFileType = folder.assetcatalog; path = Assets.xcassets; sourceTree = "<group>"; };
		286D3DE724B9F114006CB649 /* Assets.xcassets */ = {isa = PBXFileReference; lastKnownFileType = folder.assetcatalog; path = Assets.xcassets; sourceTree = "<group>"; };
		286D3DE924B9F134006CB649 /* Assets.xcassets */ = {isa = PBXFileReference; lastKnownFileType = folder.assetcatalog; path = Assets.xcassets; sourceTree = "<group>"; };
		286D3DEB24B9F6A7006CB649 /* Colors.xcassets */ = {isa = PBXFileReference; lastKnownFileType = folder.assetcatalog; path = Colors.xcassets; sourceTree = "<group>"; };
		286D3DED24B9F6F4006CB649 /* Colors.xcassets */ = {isa = PBXFileReference; lastKnownFileType = folder.assetcatalog; path = Colors.xcassets; sourceTree = "<group>"; };
		286D3DEF24B9F705006CB649 /* Colors.xcassets */ = {isa = PBXFileReference; lastKnownFileType = folder.assetcatalog; path = Colors.xcassets; sourceTree = "<group>"; };
		286D3DF124B9F716006CB649 /* Colors.xcassets */ = {isa = PBXFileReference; lastKnownFileType = folder.assetcatalog; path = Colors.xcassets; sourceTree = "<group>"; };
		289E3EEF24BA01A5007D4D5C /* Configuration.swift */ = {isa = PBXFileReference; lastKnownFileType = sourcecode.swift; path = Configuration.swift; sourceTree = "<group>"; };
		289E3EF424BA0236007D4D5C /* Info.plist */ = {isa = PBXFileReference; lastKnownFileType = text.plist.xml; path = Info.plist; sourceTree = "<group>"; };
		289E3EF524BA024E007D4D5C /* Info.plist */ = {isa = PBXFileReference; lastKnownFileType = text.plist.xml; path = Info.plist; sourceTree = "<group>"; };
		289E3EF624BA0259007D4D5C /* Info.plist */ = {isa = PBXFileReference; lastKnownFileType = text.plist.xml; path = Info.plist; sourceTree = "<group>"; };
		289E3EF724BA0265007D4D5C /* Info.plist */ = {isa = PBXFileReference; lastKnownFileType = text.plist.xml; path = Info.plist; sourceTree = "<group>"; };
/* End PBXFileReference section */

/* Begin PBXFrameworksBuildPhase section */
		286D3D7324B9BFFC006CB649 /* Frameworks */ = {
			isa = PBXFrameworksBuildPhase;
			buildActionMask = 2147483647;
			files = (
			);
			runOnlyForDeploymentPostprocessing = 0;
		};
		286D3D8424B9BFFD006CB649 /* Frameworks */ = {
			isa = PBXFrameworksBuildPhase;
			buildActionMask = 2147483647;
			files = (
			);
			runOnlyForDeploymentPostprocessing = 0;
		};
		286D3D8F24B9BFFD006CB649 /* Frameworks */ = {
			isa = PBXFrameworksBuildPhase;
			buildActionMask = 2147483647;
			files = (
			);
			runOnlyForDeploymentPostprocessing = 0;
		};
		286D3DA824B9C28F006CB649 /* Frameworks */ = {
			isa = PBXFrameworksBuildPhase;
			buildActionMask = 2147483647;
			files = (
			);
			runOnlyForDeploymentPostprocessing = 0;
		};
		286D3DB524B9C29D006CB649 /* Frameworks */ = {
			isa = PBXFrameworksBuildPhase;
			buildActionMask = 2147483647;
			files = (
			);
			runOnlyForDeploymentPostprocessing = 0;
		};
		286D3DC224B9C2B0006CB649 /* Frameworks */ = {
			isa = PBXFrameworksBuildPhase;
			buildActionMask = 2147483647;
			files = (
			);
			runOnlyForDeploymentPostprocessing = 0;
		};
/* End PBXFrameworksBuildPhase section */

/* Begin PBXGroup section */
		286D3D6D24B9BFFC006CB649 = {
			isa = PBXGroup;
			children = (
				286D3D7824B9BFFC006CB649 /* BuildTest */,
				286D3D8A24B9BFFD006CB649 /* BuildTestTests */,
				286D3D9524B9BFFD006CB649 /* BuildTestUITests */,
				286D3D7724B9BFFC006CB649 /* Products */,
			);
			sourceTree = "<group>";
		};
		286D3D7724B9BFFC006CB649 /* Products */ = {
			isa = PBXGroup;
			children = (
				286D3D7624B9BFFC006CB649 /* BuildTest (Green).app */,
				286D3D8724B9BFFD006CB649 /* BuildTestTests.xctest */,
				286D3D9224B9BFFD006CB649 /* BuildTestUITests.xctest */,
				286D3DAF24B9C28F006CB649 /* BuildTest (Blue).app */,
				286D3DBC24B9C29D006CB649 /* BuildTest (Yellow).app */,
				286D3DC924B9C2B0006CB649 /* BuildTest (Red).app */,
			);
			name = Products;
			sourceTree = "<group>";
		};
		286D3D7824B9BFFC006CB649 /* BuildTest */ = {
			isa = PBXGroup;
			children = (
				286D3D7924B9BFFC006CB649 /* BuildTestApp.swift */,
				286D3D7B24B9BFFC006CB649 /* ContentView.swift */,
				289E3EEF24BA01A5007D4D5C /* Configuration.swift */,
				286D3DE024B9F0A6006CB649 /* Resources */,
				286D3D7F24B9BFFD006CB649 /* Preview Content */,
			);
			path = BuildTest;
			sourceTree = "<group>";
		};
		286D3D7F24B9BFFD006CB649 /* Preview Content */ = {
			isa = PBXGroup;
			children = (
				286D3D8024B9BFFD006CB649 /* Preview Assets.xcassets */,
			);
			path = "Preview Content";
			sourceTree = "<group>";
		};
		286D3D8A24B9BFFD006CB649 /* BuildTestTests */ = {
			isa = PBXGroup;
			children = (
				286D3D8B24B9BFFD006CB649 /* BuildTestTests.swift */,
				286D3D8D24B9BFFD006CB649 /* Info.plist */,
			);
			path = BuildTestTests;
			sourceTree = "<group>";
		};
		286D3D9524B9BFFD006CB649 /* BuildTestUITests */ = {
			isa = PBXGroup;
			children = (
				286D3D9624B9BFFD006CB649 /* BuildTestUITests.swift */,
				286D3D9824B9BFFD006CB649 /* Info.plist */,
			);
			path = BuildTestUITests;
			sourceTree = "<group>";
		};
		286D3DE024B9F0A6006CB649 /* Resources */ = {
			isa = PBXGroup;
			children = (
				286D3DE424B9F0DE006CB649 /* Yellow */,
				286D3DE324B9F0D9006CB649 /* Red */,
				286D3DE224B9F0D3006CB649 /* Blue */,
				286D3DE124B9F0C1006CB649 /* Green */,
			);
			path = Resources;
			sourceTree = "<group>";
		};
		286D3DE124B9F0C1006CB649 /* Green */ = {
			isa = PBXGroup;
			children = (
				289E3EF424BA0236007D4D5C /* Info.plist */,
				286D3D7D24B9BFFD006CB649 /* Assets.xcassets */,
				286D3DF124B9F716006CB649 /* Colors.xcassets */,
			);
			path = Green;
			sourceTree = "<group>";
		};
		286D3DE224B9F0D3006CB649 /* Blue */ = {
			isa = PBXGroup;
			children = (
				289E3EF524BA024E007D4D5C /* Info.plist */,
				286D3DE924B9F134006CB649 /* Assets.xcassets */,
				286D3DEF24B9F705006CB649 /* Colors.xcassets */,
			);
			path = Blue;
			sourceTree = "<group>";
		};
		286D3DE324B9F0D9006CB649 /* Red */ = {
			isa = PBXGroup;
			children = (
				289E3EF624BA0259007D4D5C /* Info.plist */,
				286D3DE724B9F114006CB649 /* Assets.xcassets */,
				286D3DED24B9F6F4006CB649 /* Colors.xcassets */,
			);
			path = Red;
			sourceTree = "<group>";
		};
		286D3DE424B9F0DE006CB649 /* Yellow */ = {
			isa = PBXGroup;
			children = (
				289E3EF724BA0265007D4D5C /* Info.plist */,
				286D3DE524B9F0FE006CB649 /* Assets.xcassets */,
				286D3DEB24B9F6A7006CB649 /* Colors.xcassets */,
			);
			path = Yellow;
			sourceTree = "<group>";
		};
/* End PBXGroup section */

/* Begin PBXNativeTarget section */
		286D3D7524B9BFFC006CB649 /* BuildTest (Green) */ = {
			isa = PBXNativeTarget;
			buildConfigurationList = 286D3D9B24B9BFFD006CB649 /* Build configuration list for PBXNativeTarget "BuildTest (Green)" */;
			buildPhases = (
				286D3D7224B9BFFC006CB649 /* Sources */,
				286D3D7324B9BFFC006CB649 /* Frameworks */,
				286D3D7424B9BFFC006CB649 /* Resources */,
			);
			buildRules = (
			);
			dependencies = (
			);
			name = "BuildTest (Green)";
			productName = BuildTest;
			productReference = 286D3D7624B9BFFC006CB649 /* BuildTest (Green).app */;
			productType = "com.apple.product-type.application";
		};
		286D3D8624B9BFFD006CB649 /* BuildTestTests */ = {
			isa = PBXNativeTarget;
			buildConfigurationList = 286D3D9E24B9BFFD006CB649 /* Build configuration list for PBXNativeTarget "BuildTestTests" */;
			buildPhases = (
				286D3D8324B9BFFD006CB649 /* Sources */,
				286D3D8424B9BFFD006CB649 /* Frameworks */,
				286D3D8524B9BFFD006CB649 /* Resources */,
			);
			buildRules = (
			);
			dependencies = (
				286D3D8924B9BFFD006CB649 /* PBXTargetDependency */,
			);
			name = BuildTestTests;
			productName = BuildTestTests;
			productReference = 286D3D8724B9BFFD006CB649 /* BuildTestTests.xctest */;
			productType = "com.apple.product-type.bundle.unit-test";
		};
		286D3D9124B9BFFD006CB649 /* BuildTestUITests */ = {
			isa = PBXNativeTarget;
			buildConfigurationList = 286D3DA124B9BFFD006CB649 /* Build configuration list for PBXNativeTarget "BuildTestUITests" */;
			buildPhases = (
				286D3D8E24B9BFFD006CB649 /* Sources */,
				286D3D8F24B9BFFD006CB649 /* Frameworks */,
				286D3D9024B9BFFD006CB649 /* Resources */,
			);
			buildRules = (
			);
			dependencies = (
				286D3D9424B9BFFD006CB649 /* PBXTargetDependency */,
			);
			name = BuildTestUITests;
			productName = BuildTestUITests;
			productReference = 286D3D9224B9BFFD006CB649 /* BuildTestUITests.xctest */;
			productType = "com.apple.product-type.bundle.ui-testing";
		};
		286D3DA424B9C28F006CB649 /* BuildTest (Blue) */ = {
			isa = PBXNativeTarget;
			buildConfigurationList = 286D3DAC24B9C28F006CB649 /* Build configuration list for PBXNativeTarget "BuildTest (Blue)" */;
			buildPhases = (
				286D3DA524B9C28F006CB649 /* Sources */,
				286D3DA824B9C28F006CB649 /* Frameworks */,
				286D3DA924B9C28F006CB649 /* Resources */,
			);
			buildRules = (
			);
			dependencies = (
			);
			name = "BuildTest (Blue)";
			productName = BuildTest;
			productReference = 286D3DAF24B9C28F006CB649 /* BuildTest (Blue).app */;
			productType = "com.apple.product-type.application";
		};
		286D3DB124B9C29D006CB649 /* BuildTest (Yellow) */ = {
			isa = PBXNativeTarget;
			buildConfigurationList = 286D3DB924B9C29D006CB649 /* Build configuration list for PBXNativeTarget "BuildTest (Yellow)" */;
			buildPhases = (
				286D3DB224B9C29D006CB649 /* Sources */,
				286D3DB524B9C29D006CB649 /* Frameworks */,
				286D3DB624B9C29D006CB649 /* Resources */,
			);
			buildRules = (
			);
			dependencies = (
			);
			name = "BuildTest (Yellow)";
			productName = BuildTest;
			productReference = 286D3DBC24B9C29D006CB649 /* BuildTest (Yellow).app */;
			productType = "com.apple.product-type.application";
		};
		286D3DBE24B9C2B0006CB649 /* BuildTest (Red) */ = {
			isa = PBXNativeTarget;
			buildConfigurationList = 286D3DC624B9C2B0006CB649 /* Build configuration list for PBXNativeTarget "BuildTest (Red)" */;
			buildPhases = (
				286D3DBF24B9C2B0006CB649 /* Sources */,
				286D3DC224B9C2B0006CB649 /* Frameworks */,
				286D3DC324B9C2B0006CB649 /* Resources */,
			);
			buildRules = (
			);
			dependencies = (
			);
			name = "BuildTest (Red)";
			productName = BuildTest;
			productReference = 286D3DC924B9C2B0006CB649 /* BuildTest (Red).app */;
			productType = "com.apple.product-type.application";
		};
/* End PBXNativeTarget section */

/* Begin PBXProject section */
		286D3D6E24B9BFFC006CB649 /* Project object */ = {
			isa = PBXProject;
			attributes = {
				LastSwiftUpdateCheck = 1200;
				LastUpgradeCheck = 1200;
				TargetAttributes = {
					286D3D7524B9BFFC006CB649 = {
						CreatedOnToolsVersion = 12.0;
					};
					286D3D8624B9BFFD006CB649 = {
						CreatedOnToolsVersion = 12.0;
						TestTargetID = 286D3D7524B9BFFC006CB649;
					};
					286D3D9124B9BFFD006CB649 = {
						CreatedOnToolsVersion = 12.0;
						TestTargetID = 286D3D7524B9BFFC006CB649;
					};
				};
			};
			buildConfigurationList = 286D3D7124B9BFFC006CB649 /* Build configuration list for PBXProject "BuildTest" */;
			compatibilityVersion = "Xcode 9.3";
			developmentRegion = en;
			hasScannedForEncodings = 0;
			knownRegions = (
				en,
				Base,
			);
			mainGroup = 286D3D6D24B9BFFC006CB649;
			productRefGroup = 286D3D7724B9BFFC006CB649 /* Products */;
			projectDirPath = "";
			projectRoot = "";
			targets = (
				286D3D7524B9BFFC006CB649 /* BuildTest (Green) */,
				286D3DA424B9C28F006CB649 /* BuildTest (Blue) */,
				286D3DB124B9C29D006CB649 /* BuildTest (Yellow) */,
				286D3DBE24B9C2B0006CB649 /* BuildTest (Red) */,
				286D3D8624B9BFFD006CB649 /* BuildTestTests */,
				286D3D9124B9BFFD006CB649 /* BuildTestUITests */,
			);
		};
/* End PBXProject section */

/* Begin PBXResourcesBuildPhase section */
		286D3D7424B9BFFC006CB649 /* Resources */ = {
			isa = PBXResourcesBuildPhase;
			buildActionMask = 2147483647;
			files = (
				286D3DF224B9F716006CB649 /* Colors.xcassets in Resources */,
				286D3D8124B9BFFD006CB649 /* Preview Assets.xcassets in Resources */,
				286D3D7E24B9BFFD006CB649 /* Assets.xcassets in Resources */,
			);
			runOnlyForDeploymentPostprocessing = 0;
		};
		286D3D8524B9BFFD006CB649 /* Resources */ = {
			isa = PBXResourcesBuildPhase;
			buildActionMask = 2147483647;
			files = (
			);
			runOnlyForDeploymentPostprocessing = 0;
		};
		286D3D9024B9BFFD006CB649 /* Resources */ = {
			isa = PBXResourcesBuildPhase;
			buildActionMask = 2147483647;
			files = (
			);
			runOnlyForDeploymentPostprocessing = 0;
		};
		286D3DA924B9C28F006CB649 /* Resources */ = {
			isa = PBXResourcesBuildPhase;
			buildActionMask = 2147483647;
			files = (
				286D3DF024B9F705006CB649 /* Colors.xcassets in Resources */,
				286D3DEA24B9F134006CB649 /* Assets.xcassets in Resources */,
				286D3DAA24B9C28F006CB649 /* Preview Assets.xcassets in Resources */,
			);
			runOnlyForDeploymentPostprocessing = 0;
		};
		286D3DB624B9C29D006CB649 /* Resources */ = {
			isa = PBXResourcesBuildPhase;
			buildActionMask = 2147483647;
			files = (
				286D3DEC24B9F6A7006CB649 /* Colors.xcassets in Resources */,
				286D3DB724B9C29D006CB649 /* Preview Assets.xcassets in Resources */,
				286D3DE624B9F0FE006CB649 /* Assets.xcassets in Resources */,
			);
			runOnlyForDeploymentPostprocessing = 0;
		};
		286D3DC324B9C2B0006CB649 /* Resources */ = {
			isa = PBXResourcesBuildPhase;
			buildActionMask = 2147483647;
			files = (
				286D3DEE24B9F6F4006CB649 /* Colors.xcassets in Resources */,
				286D3DE824B9F114006CB649 /* Assets.xcassets in Resources */,
				286D3DC424B9C2B0006CB649 /* Preview Assets.xcassets in Resources */,
			);
			runOnlyForDeploymentPostprocessing = 0;
		};
/* End PBXResourcesBuildPhase section */

/* Begin PBXSourcesBuildPhase section */
		286D3D7224B9BFFC006CB649 /* Sources */ = {
			isa = PBXSourcesBuildPhase;
			buildActionMask = 2147483647;
			files = (
				289E3EF024BA01A5007D4D5C /* Configuration.swift in Sources */,
				286D3D7C24B9BFFC006CB649 /* ContentView.swift in Sources */,
				286D3D7A24B9BFFC006CB649 /* BuildTestApp.swift in Sources */,
			);
			runOnlyForDeploymentPostprocessing = 0;
		};
		286D3D8324B9BFFD006CB649 /* Sources */ = {
			isa = PBXSourcesBuildPhase;
			buildActionMask = 2147483647;
			files = (
				286D3D8C24B9BFFD006CB649 /* BuildTestTests.swift in Sources */,
			);
			runOnlyForDeploymentPostprocessing = 0;
		};
		286D3D8E24B9BFFD006CB649 /* Sources */ = {
			isa = PBXSourcesBuildPhase;
			buildActionMask = 2147483647;
			files = (
				286D3D9724B9BFFD006CB649 /* BuildTestUITests.swift in Sources */,
			);
			runOnlyForDeploymentPostprocessing = 0;
		};
		286D3DA524B9C28F006CB649 /* Sources */ = {
			isa = PBXSourcesBuildPhase;
			buildActionMask = 2147483647;
			files = (
				289E3EF124BA01A5007D4D5C /* Configuration.swift in Sources */,
				286D3DA624B9C28F006CB649 /* ContentView.swift in Sources */,
				286D3DA724B9C28F006CB649 /* BuildTestApp.swift in Sources */,
			);
			runOnlyForDeploymentPostprocessing = 0;
		};
		286D3DB224B9C29D006CB649 /* Sources */ = {
			isa = PBXSourcesBuildPhase;
			buildActionMask = 2147483647;
			files = (
				289E3EF224BA01A5007D4D5C /* Configuration.swift in Sources */,
				286D3DB324B9C29D006CB649 /* ContentView.swift in Sources */,
				286D3DB424B9C29D006CB649 /* BuildTestApp.swift in Sources */,
			);
			runOnlyForDeploymentPostprocessing = 0;
		};
		286D3DBF24B9C2B0006CB649 /* Sources */ = {
			isa = PBXSourcesBuildPhase;
			buildActionMask = 2147483647;
			files = (
				289E3EF324BA01A5007D4D5C /* Configuration.swift in Sources */,
				286D3DC024B9C2B0006CB649 /* ContentView.swift in Sources */,
				286D3DC124B9C2B0006CB649 /* BuildTestApp.swift in Sources */,
			);
			runOnlyForDeploymentPostprocessing = 0;
		};
/* End PBXSourcesBuildPhase section */

/* Begin PBXTargetDependency section */
		286D3D8924B9BFFD006CB649 /* PBXTargetDependency */ = {
			isa = PBXTargetDependency;
			target = 286D3D7524B9BFFC006CB649 /* BuildTest (Green) */;
			targetProxy = 286D3D8824B9BFFD006CB649 /* PBXContainerItemProxy */;
		};
		286D3D9424B9BFFD006CB649 /* PBXTargetDependency */ = {
			isa = PBXTargetDependency;
			target = 286D3D7524B9BFFC006CB649 /* BuildTest (Green) */;
			targetProxy = 286D3D9324B9BFFD006CB649 /* PBXContainerItemProxy */;
		};
/* End PBXTargetDependency section */

/* Begin XCBuildConfiguration section */
		286D3D9924B9BFFD006CB649 /* Debug */ = {
			isa = XCBuildConfiguration;
			buildSettings = {
				ALWAYS_SEARCH_USER_PATHS = NO;
				CLANG_ANALYZER_NONNULL = YES;
				CLANG_ANALYZER_NUMBER_OBJECT_CONVERSION = YES_AGGRESSIVE;
				CLANG_CXX_LANGUAGE_STANDARD = "gnu++14";
				CLANG_CXX_LIBRARY = "libc++";
				CLANG_ENABLE_MODULES = YES;
				CLANG_ENABLE_OBJC_ARC = YES;
				CLANG_ENABLE_OBJC_WEAK = YES;
				CLANG_WARN_BLOCK_CAPTURE_AUTORELEASING = YES;
				CLANG_WARN_BOOL_CONVERSION = YES;
				CLANG_WARN_COMMA = YES;
				CLANG_WARN_CONSTANT_CONVERSION = YES;
				CLANG_WARN_DEPRECATED_OBJC_IMPLEMENTATIONS = YES;
				CLANG_WARN_DIRECT_OBJC_ISA_USAGE = YES_ERROR;
				CLANG_WARN_DOCUMENTATION_COMMENTS = YES;
				CLANG_WARN_EMPTY_BODY = YES;
				CLANG_WARN_ENUM_CONVERSION = YES;
				CLANG_WARN_INFINITE_RECURSION = YES;
				CLANG_WARN_INT_CONVERSION = YES;
				CLANG_WARN_NON_LITERAL_NULL_CONVERSION = YES;
				CLANG_WARN_OBJC_IMPLICIT_RETAIN_SELF = YES;
				CLANG_WARN_OBJC_LITERAL_CONVERSION = YES;
				CLANG_WARN_OBJC_ROOT_CLASS = YES_ERROR;
				CLANG_WARN_QUOTED_INCLUDE_IN_FRAMEWORK_HEADER = YES;
				CLANG_WARN_RANGE_LOOP_ANALYSIS = YES;
				CLANG_WARN_STRICT_PROTOTYPES = YES;
				CLANG_WARN_SUSPICIOUS_MOVE = YES;
				CLANG_WARN_UNGUARDED_AVAILABILITY = YES_AGGRESSIVE;
				CLANG_WARN_UNREACHABLE_CODE = YES;
				CLANG_WARN__DUPLICATE_METHOD_MATCH = YES;
				COPY_PHASE_STRIP = NO;
				DEBUG_INFORMATION_FORMAT = dwarf;
				ENABLE_STRICT_OBJC_MSGSEND = YES;
				ENABLE_TESTABILITY = YES;
				GCC_C_LANGUAGE_STANDARD = gnu11;
				GCC_DYNAMIC_NO_PIC = NO;
				GCC_NO_COMMON_BLOCKS = YES;
				GCC_OPTIMIZATION_LEVEL = 0;
				GCC_PREPROCESSOR_DEFINITIONS = (
					"DEBUG=1",
					"$(inherited)",
				);
				GCC_WARN_64_TO_32_BIT_CONVERSION = YES;
				GCC_WARN_ABOUT_RETURN_TYPE = YES_ERROR;
				GCC_WARN_UNDECLARED_SELECTOR = YES;
				GCC_WARN_UNINITIALIZED_AUTOS = YES_AGGRESSIVE;
				GCC_WARN_UNUSED_FUNCTION = YES;
				GCC_WARN_UNUSED_VARIABLE = YES;
				IPHONEOS_DEPLOYMENT_TARGET = 14.0;
				MTL_ENABLE_DEBUG_INFO = INCLUDE_SOURCE;
				MTL_FAST_MATH = YES;
				ONLY_ACTIVE_ARCH = YES;
				SDKROOT = iphoneos;
				SWIFT_ACTIVE_COMPILATION_CONDITIONS = DEBUG;
				SWIFT_OPTIMIZATION_LEVEL = "-Onone";
			};
			name = Debug;
		};
		286D3D9A24B9BFFD006CB649 /* Production */ = {
			isa = XCBuildConfiguration;
			buildSettings = {
				ALWAYS_SEARCH_USER_PATHS = NO;
				CLANG_ANALYZER_NONNULL = YES;
				CLANG_ANALYZER_NUMBER_OBJECT_CONVERSION = YES_AGGRESSIVE;
				CLANG_CXX_LANGUAGE_STANDARD = "gnu++14";
				CLANG_CXX_LIBRARY = "libc++";
				CLANG_ENABLE_MODULES = YES;
				CLANG_ENABLE_OBJC_ARC = YES;
				CLANG_ENABLE_OBJC_WEAK = YES;
				CLANG_WARN_BLOCK_CAPTURE_AUTORELEASING = YES;
				CLANG_WARN_BOOL_CONVERSION = YES;
				CLANG_WARN_COMMA = YES;
				CLANG_WARN_CONSTANT_CONVERSION = YES;
				CLANG_WARN_DEPRECATED_OBJC_IMPLEMENTATIONS = YES;
				CLANG_WARN_DIRECT_OBJC_ISA_USAGE = YES_ERROR;
				CLANG_WARN_DOCUMENTATION_COMMENTS = YES;
				CLANG_WARN_EMPTY_BODY = YES;
				CLANG_WARN_ENUM_CONVERSION = YES;
				CLANG_WARN_INFINITE_RECURSION = YES;
				CLANG_WARN_INT_CONVERSION = YES;
				CLANG_WARN_NON_LITERAL_NULL_CONVERSION = YES;
				CLANG_WARN_OBJC_IMPLICIT_RETAIN_SELF = YES;
				CLANG_WARN_OBJC_LITERAL_CONVERSION = YES;
				CLANG_WARN_OBJC_ROOT_CLASS = YES_ERROR;
				CLANG_WARN_QUOTED_INCLUDE_IN_FRAMEWORK_HEADER = YES;
				CLANG_WARN_RANGE_LOOP_ANALYSIS = YES;
				CLANG_WARN_STRICT_PROTOTYPES = YES;
				CLANG_WARN_SUSPICIOUS_MOVE = YES;
				CLANG_WARN_UNGUARDED_AVAILABILITY = YES_AGGRESSIVE;
				CLANG_WARN_UNREACHABLE_CODE = YES;
				CLANG_WARN__DUPLICATE_METHOD_MATCH = YES;
				COPY_PHASE_STRIP = NO;
				DEBUG_INFORMATION_FORMAT = "dwarf-with-dsym";
				ENABLE_NS_ASSERTIONS = NO;
				ENABLE_STRICT_OBJC_MSGSEND = YES;
				GCC_C_LANGUAGE_STANDARD = gnu11;
				GCC_NO_COMMON_BLOCKS = YES;
				GCC_WARN_64_TO_32_BIT_CONVERSION = YES;
				GCC_WARN_ABOUT_RETURN_TYPE = YES_ERROR;
				GCC_WARN_UNDECLARED_SELECTOR = YES;
				GCC_WARN_UNINITIALIZED_AUTOS = YES_AGGRESSIVE;
				GCC_WARN_UNUSED_FUNCTION = YES;
				GCC_WARN_UNUSED_VARIABLE = YES;
				IPHONEOS_DEPLOYMENT_TARGET = 14.0;
				MTL_ENABLE_DEBUG_INFO = NO;
				MTL_FAST_MATH = YES;
				SDKROOT = iphoneos;
				SWIFT_COMPILATION_MODE = wholemodule;
				SWIFT_OPTIMIZATION_LEVEL = "-O";
				VALIDATE_PRODUCT = YES;
			};
			name = Production;
		};
		286D3D9C24B9BFFD006CB649 /* Debug */ = {
			isa = XCBuildConfiguration;
			buildSettings = {
				ASSETCATALOG_COMPILER_APPICON_NAME = AppIcon;
				ASSETCATALOG_COMPILER_GLOBAL_ACCENT_COLOR_NAME = AccentColor;
				BASE_SERVER_URL = "https://green.buildtest.com";
				CODE_SIGN_IDENTITY = "iPhone Developer";
				CODE_SIGN_STYLE = Manual;
				DEVELOPMENT_ASSET_PATHS = "\"BuildTest/Preview Content\"";
				DEVELOPMENT_TEAM = XS6M342923;
				ENABLE_PREVIEWS = YES;
				INFOPLIST_FILE = "$(RESOURCES)/Info.plist";
				IPHONEOS_DEPLOYMENT_TARGET = 14.0;
				LD_RUNPATH_SEARCH_PATHS = (
					"$(inherited)",
					"@executable_path/Frameworks",
				);
				PRODUCT_BUNDLE_IDENTIFIER = com.uk.jonathonjamesltd.buildtest.green.debug;
				PRODUCT_NAME = "$(TARGET_NAME)";
				PROVISIONING_PROFILE_SPECIFIER = "BuildTest (Green) - Debug";
				RESOURCES = BuildTest/Resources/Green;
				SERVER_URL = "$(BASE_SERVER_URL)/api/dev";
				SWIFT_VERSION = 5.0;
				TARGETED_DEVICE_FAMILY = "1,2";
			};
			name = Debug;
		};
		286D3D9D24B9BFFD006CB649 /* Production */ = {
			isa = XCBuildConfiguration;
			buildSettings = {
				ASSETCATALOG_COMPILER_APPICON_NAME = AppIcon;
				ASSETCATALOG_COMPILER_GLOBAL_ACCENT_COLOR_NAME = AccentColor;
				BASE_SERVER_URL = "https://green.buildtest.com";
				CODE_SIGN_IDENTITY = "iPhone Distribution";
				CODE_SIGN_STYLE = Manual;
				DEVELOPMENT_ASSET_PATHS = "\"BuildTest/Preview Content\"";
				DEVELOPMENT_TEAM = XS6M342923;
				ENABLE_PREVIEWS = YES;
				INFOPLIST_FILE = "$(RESOURCES)/Info.plist";
				IPHONEOS_DEPLOYMENT_TARGET = 14.0;
				LD_RUNPATH_SEARCH_PATHS = (
					"$(inherited)",
					"@executable_path/Frameworks",
				);
				PRODUCT_BUNDLE_IDENTIFIER = com.uk.jonathonjamesltd.buildtest.green;
				PRODUCT_NAME = "$(TARGET_NAME)";
				PROVISIONING_PROFILE_SPECIFIER = "BuildTest (Green) - Production";
				RESOURCES = BuildTest/Resources/Green;
				SERVER_URL = "$(BASE_SERVER_URL)/api";
				SWIFT_VERSION = 5.0;
				TARGETED_DEVICE_FAMILY = "1,2";
			};
			name = Production;
		};
		286D3D9F24B9BFFD006CB649 /* Debug */ = {
			isa = XCBuildConfiguration;
			buildSettings = {
				ALWAYS_EMBED_SWIFT_STANDARD_LIBRARIES = YES;
				BUNDLE_LOADER = "$(TEST_HOST)";
				CODE_SIGN_STYLE = Automatic;
				DEVELOPMENT_TEAM = XS6M342923;
				INFOPLIST_FILE = BuildTestTests/Info.plist;
				IPHONEOS_DEPLOYMENT_TARGET = 14.0;
				LD_RUNPATH_SEARCH_PATHS = (
					"$(inherited)",
					"@executable_path/Frameworks",
					"@loader_path/Frameworks",
				);
				PRODUCT_BUNDLE_IDENTIFIER = jonathonjamesltd.BuildTestTests;
				PRODUCT_NAME = "$(TARGET_NAME)";
				SWIFT_VERSION = 5.0;
				TARGETED_DEVICE_FAMILY = "1,2";
				TEST_HOST = "$(BUILT_PRODUCTS_DIR)/BuildTest.app/BuildTest";
			};
			name = Debug;
		};
		286D3DA024B9BFFD006CB649 /* Production */ = {
			isa = XCBuildConfiguration;
			buildSettings = {
				ALWAYS_EMBED_SWIFT_STANDARD_LIBRARIES = YES;
				BUNDLE_LOADER = "$(TEST_HOST)";
				CODE_SIGN_STYLE = Automatic;
				DEVELOPMENT_TEAM = XS6M342923;
				INFOPLIST_FILE = BuildTestTests/Info.plist;
				IPHONEOS_DEPLOYMENT_TARGET = 14.0;
				LD_RUNPATH_SEARCH_PATHS = (
					"$(inherited)",
					"@executable_path/Frameworks",
					"@loader_path/Frameworks",
				);
				PRODUCT_BUNDLE_IDENTIFIER = jonathonjamesltd.BuildTestTests;
				PRODUCT_NAME = "$(TARGET_NAME)";
				SWIFT_VERSION = 5.0;
				TARGETED_DEVICE_FAMILY = "1,2";
				TEST_HOST = "$(BUILT_PRODUCTS_DIR)/BuildTest.app/BuildTest";
			};
			name = Production;
		};
		286D3DA224B9BFFD006CB649 /* Debug */ = {
			isa = XCBuildConfiguration;
			buildSettings = {
				ALWAYS_EMBED_SWIFT_STANDARD_LIBRARIES = YES;
				CODE_SIGN_STYLE = Automatic;
				DEVELOPMENT_TEAM = XS6M342923;
				INFOPLIST_FILE = BuildTestUITests/Info.plist;
				LD_RUNPATH_SEARCH_PATHS = (
					"$(inherited)",
					"@executable_path/Frameworks",
					"@loader_path/Frameworks",
				);
				PRODUCT_BUNDLE_IDENTIFIER = jonathonjamesltd.BuildTestUITests;
				PRODUCT_NAME = "$(TARGET_NAME)";
				SWIFT_VERSION = 5.0;
				TARGETED_DEVICE_FAMILY = "1,2";
				TEST_TARGET_NAME = BuildTest;
			};
			name = Debug;
		};
		286D3DA324B9BFFD006CB649 /* Production */ = {
			isa = XCBuildConfiguration;
			buildSettings = {
				ALWAYS_EMBED_SWIFT_STANDARD_LIBRARIES = YES;
				CODE_SIGN_STYLE = Automatic;
				DEVELOPMENT_TEAM = XS6M342923;
				INFOPLIST_FILE = BuildTestUITests/Info.plist;
				LD_RUNPATH_SEARCH_PATHS = (
					"$(inherited)",
					"@executable_path/Frameworks",
					"@loader_path/Frameworks",
				);
				PRODUCT_BUNDLE_IDENTIFIER = jonathonjamesltd.BuildTestUITests;
				PRODUCT_NAME = "$(TARGET_NAME)";
				SWIFT_VERSION = 5.0;
				TARGETED_DEVICE_FAMILY = "1,2";
				TEST_TARGET_NAME = BuildTest;
			};
			name = Production;
		};
		286D3DAD24B9C28F006CB649 /* Debug */ = {
			isa = XCBuildConfiguration;
			buildSettings = {
				ASSETCATALOG_COMPILER_APPICON_NAME = AppIcon;
				ASSETCATALOG_COMPILER_GLOBAL_ACCENT_COLOR_NAME = AccentColor;
				BASE_SERVER_URL = "https://blue.buildtest.com";
				CODE_SIGN_IDENTITY = "iPhone Developer";
				CODE_SIGN_STYLE = Manual;
				DEVELOPMENT_ASSET_PATHS = "\"BuildTest/Preview Content\"";
				DEVELOPMENT_TEAM = XS6M342923;
				ENABLE_PREVIEWS = YES;
				INFOPLIST_FILE = "$(RESOURCES)/Info.plist";
				IPHONEOS_DEPLOYMENT_TARGET = 14.0;
				LD_RUNPATH_SEARCH_PATHS = (
					"$(inherited)",
					"@executable_path/Frameworks",
				);
				PRODUCT_BUNDLE_IDENTIFIER = com.uk.jonathonjamesltd.buildtest.blue.debug;
				PRODUCT_NAME = "$(TARGET_NAME)";
				PROVISIONING_PROFILE_SPECIFIER = "BuildTest (Blue) - Debug";
				RESOURCES = BuildTest/Resources/Blue;
				SERVER_URL = "$(BASE_SERVER_URL)/api/dev";
				SWIFT_VERSION = 5.0;
				TARGETED_DEVICE_FAMILY = "1,2";
			};
			name = Debug;
		};
		286D3DAE24B9C28F006CB649 /* Production */ = {
			isa = XCBuildConfiguration;
			buildSettings = {
				ASSETCATALOG_COMPILER_APPICON_NAME = AppIcon;
				ASSETCATALOG_COMPILER_GLOBAL_ACCENT_COLOR_NAME = AccentColor;
				BASE_SERVER_URL = "https://blue.buildtest.com";
				CODE_SIGN_IDENTITY = "iPhone Distribution";
				CODE_SIGN_STYLE = Manual;
				DEVELOPMENT_ASSET_PATHS = "\"BuildTest/Preview Content\"";
				DEVELOPMENT_TEAM = XS6M342923;
				ENABLE_PREVIEWS = YES;
				INFOPLIST_FILE = "$(RESOURCES)/Info.plist";
				IPHONEOS_DEPLOYMENT_TARGET = 14.0;
				LD_RUNPATH_SEARCH_PATHS = (
					"$(inherited)",
					"@executable_path/Frameworks",
				);
				PRODUCT_BUNDLE_IDENTIFIER = com.uk.jonathonjamesltd.buildtest.blue;
				PRODUCT_NAME = "$(TARGET_NAME)";
				PROVISIONING_PROFILE_SPECIFIER = "BuildTest (Blue) - Production";
				RESOURCES = BuildTest/Resources/Blue;
				SERVER_URL = "$(BASE_SERVER_URL)/api";
				SWIFT_VERSION = 5.0;
				TARGETED_DEVICE_FAMILY = "1,2";
			};
			name = Production;
		};
		286D3DBA24B9C29D006CB649 /* Debug */ = {
			isa = XCBuildConfiguration;
			buildSettings = {
				ASSETCATALOG_COMPILER_APPICON_NAME = AppIcon;
				ASSETCATALOG_COMPILER_GLOBAL_ACCENT_COLOR_NAME = AccentColor;
				BASE_SERVER_URL = "https://yellow.buildtest.com";
				CODE_SIGN_IDENTITY = "iPhone Developer";
				CODE_SIGN_STYLE = Manual;
				DEVELOPMENT_ASSET_PATHS = "\"BuildTest/Preview Content\"";
				DEVELOPMENT_TEAM = XS6M342923;
				ENABLE_PREVIEWS = YES;
				INFOPLIST_FILE = "$(RESOURCES)/Info.plist";
				IPHONEOS_DEPLOYMENT_TARGET = 14.0;
				LD_RUNPATH_SEARCH_PATHS = (
					"$(inherited)",
					"@executable_path/Frameworks",
				);
				PRODUCT_BUNDLE_IDENTIFIER = com.uk.jonathonjamesltd.buildtest.yellow.debug;
				PRODUCT_NAME = "$(TARGET_NAME)";
				PROVISIONING_PROFILE_SPECIFIER = "BuildTest (Yellow) - Debug";
				RESOURCES = BuildTest/Resources/Yellow;
				SERVER_URL = "$(BASE_SERVER_URL)/api/dev";
				SWIFT_VERSION = 5.0;
				TARGETED_DEVICE_FAMILY = "1,2";
			};
			name = Debug;
		};
		286D3DBB24B9C29D006CB649 /* Production */ = {
			isa = XCBuildConfiguration;
			buildSettings = {
				ASSETCATALOG_COMPILER_APPICON_NAME = AppIcon;
				ASSETCATALOG_COMPILER_GLOBAL_ACCENT_COLOR_NAME = AccentColor;
				BASE_SERVER_URL = "https://yellow.buildtest.com";
				CODE_SIGN_IDENTITY = "iPhone Distribution";
				CODE_SIGN_STYLE = Manual;
				DEVELOPMENT_ASSET_PATHS = "\"BuildTest/Preview Content\"";
				DEVELOPMENT_TEAM = XS6M342923;
				ENABLE_PREVIEWS = YES;
				INFOPLIST_FILE = "$(RESOURCES)/Info.plist";
				IPHONEOS_DEPLOYMENT_TARGET = 14.0;
				LD_RUNPATH_SEARCH_PATHS = (
					"$(inherited)",
					"@executable_path/Frameworks",
				);
				PRODUCT_BUNDLE_IDENTIFIER = com.uk.jonathonjamesltd.buildtest.yellow;
				PRODUCT_NAME = "$(TARGET_NAME)";
				PROVISIONING_PROFILE_SPECIFIER = "BuildTest (Yellow) - Production";
				RESOURCES = BuildTest/Resources/Yellow;
				SERVER_URL = "$(BASE_SERVER_URL)/api";
				SWIFT_VERSION = 5.0;
				TARGETED_DEVICE_FAMILY = "1,2";
			};
			name = Production;
		};
		286D3DC724B9C2B0006CB649 /* Debug */ = {
			isa = XCBuildConfiguration;
			buildSettings = {
				ASSETCATALOG_COMPILER_APPICON_NAME = AppIcon;
				ASSETCATALOG_COMPILER_GLOBAL_ACCENT_COLOR_NAME = AccentColor;
				BASE_SERVER_URL = "https://red.buildtest.com";
				CODE_SIGN_IDENTITY = "iPhone Developer";
				CODE_SIGN_STYLE = Manual;
				DEVELOPMENT_ASSET_PATHS = "\"BuildTest/Preview Content\"";
				DEVELOPMENT_TEAM = XS6M342923;
				ENABLE_PREVIEWS = YES;
				INFOPLIST_FILE = "$(RESOURCES)/Info.plist";
				IPHONEOS_DEPLOYMENT_TARGET = 14.0;
				LD_RUNPATH_SEARCH_PATHS = (
					"$(inherited)",
					"@executable_path/Frameworks",
				);
				PRODUCT_BUNDLE_IDENTIFIER = com.uk.jonathonjamesltd.buildtest.red.debug;
				PRODUCT_NAME = "$(TARGET_NAME)";
				PROVISIONING_PROFILE_SPECIFIER = "BuildTest (Red) - Debug";
				RESOURCES = BuildTest/Resources/Red;
				SERVER_URL = "$(BASE_SERVER_URL)/api/dev";
				SWIFT_VERSION = 5.0;
				TARGETED_DEVICE_FAMILY = "1,2";
			};
			name = Debug;
		};
		286D3DC824B9C2B0006CB649 /* Production */ = {
			isa = XCBuildConfiguration;
			buildSettings = {
				ASSETCATALOG_COMPILER_APPICON_NAME = AppIcon;
				ASSETCATALOG_COMPILER_GLOBAL_ACCENT_COLOR_NAME = AccentColor;
				BASE_SERVER_URL = "https://red.buildtest.com";
				CODE_SIGN_IDENTITY = "iPhone Distribution";
				CODE_SIGN_STYLE = Manual;
				DEVELOPMENT_ASSET_PATHS = "\"BuildTest/Preview Content\"";
				DEVELOPMENT_TEAM = XS6M342923;
				ENABLE_PREVIEWS = YES;
				INFOPLIST_FILE = "$(RESOURCES)/Info.plist";
				IPHONEOS_DEPLOYMENT_TARGET = 14.0;
				LD_RUNPATH_SEARCH_PATHS = (
					"$(inherited)",
					"@executable_path/Frameworks",
				);
				PRODUCT_BUNDLE_IDENTIFIER = com.uk.jonathonjamesltd.buildtest.red;
				PRODUCT_NAME = "$(TARGET_NAME)";
				PROVISIONING_PROFILE_SPECIFIER = "BuildTest (Red) - Production";
				RESOURCES = BuildTest/Resources/Red;
				SERVER_URL = "$(BASE_SERVER_URL)/api";
				SWIFT_VERSION = 5.0;
				TARGETED_DEVICE_FAMILY = "1,2";
			};
			name = Production;
		};
		286D3DCB24B9C5FB006CB649 /* SIT */ = {
			isa = XCBuildConfiguration;
			buildSettings = {
				ALWAYS_SEARCH_USER_PATHS = NO;
				CLANG_ANALYZER_NONNULL = YES;
				CLANG_ANALYZER_NUMBER_OBJECT_CONVERSION = YES_AGGRESSIVE;
				CLANG_CXX_LANGUAGE_STANDARD = "gnu++14";
				CLANG_CXX_LIBRARY = "libc++";
				CLANG_ENABLE_MODULES = YES;
				CLANG_ENABLE_OBJC_ARC = YES;
				CLANG_ENABLE_OBJC_WEAK = YES;
				CLANG_WARN_BLOCK_CAPTURE_AUTORELEASING = YES;
				CLANG_WARN_BOOL_CONVERSION = YES;
				CLANG_WARN_COMMA = YES;
				CLANG_WARN_CONSTANT_CONVERSION = YES;
				CLANG_WARN_DEPRECATED_OBJC_IMPLEMENTATIONS = YES;
				CLANG_WARN_DIRECT_OBJC_ISA_USAGE = YES_ERROR;
				CLANG_WARN_DOCUMENTATION_COMMENTS = YES;
				CLANG_WARN_EMPTY_BODY = YES;
				CLANG_WARN_ENUM_CONVERSION = YES;
				CLANG_WARN_INFINITE_RECURSION = YES;
				CLANG_WARN_INT_CONVERSION = YES;
				CLANG_WARN_NON_LITERAL_NULL_CONVERSION = YES;
				CLANG_WARN_OBJC_IMPLICIT_RETAIN_SELF = YES;
				CLANG_WARN_OBJC_LITERAL_CONVERSION = YES;
				CLANG_WARN_OBJC_ROOT_CLASS = YES_ERROR;
				CLANG_WARN_QUOTED_INCLUDE_IN_FRAMEWORK_HEADER = YES;
				CLANG_WARN_RANGE_LOOP_ANALYSIS = YES;
				CLANG_WARN_STRICT_PROTOTYPES = YES;
				CLANG_WARN_SUSPICIOUS_MOVE = YES;
				CLANG_WARN_UNGUARDED_AVAILABILITY = YES_AGGRESSIVE;
				CLANG_WARN_UNREACHABLE_CODE = YES;
				CLANG_WARN__DUPLICATE_METHOD_MATCH = YES;
				COPY_PHASE_STRIP = NO;
				DEBUG_INFORMATION_FORMAT = "dwarf-with-dsym";
				ENABLE_NS_ASSERTIONS = NO;
				ENABLE_STRICT_OBJC_MSGSEND = YES;
				GCC_C_LANGUAGE_STANDARD = gnu11;
				GCC_NO_COMMON_BLOCKS = YES;
				GCC_WARN_64_TO_32_BIT_CONVERSION = YES;
				GCC_WARN_ABOUT_RETURN_TYPE = YES_ERROR;
				GCC_WARN_UNDECLARED_SELECTOR = YES;
				GCC_WARN_UNINITIALIZED_AUTOS = YES_AGGRESSIVE;
				GCC_WARN_UNUSED_FUNCTION = YES;
				GCC_WARN_UNUSED_VARIABLE = YES;
				IPHONEOS_DEPLOYMENT_TARGET = 14.0;
				MTL_ENABLE_DEBUG_INFO = NO;
				MTL_FAST_MATH = YES;
				SDKROOT = iphoneos;
				SWIFT_COMPILATION_MODE = wholemodule;
				SWIFT_OPTIMIZATION_LEVEL = "-O";
				VALIDATE_PRODUCT = YES;
			};
			name = SIT;
		};
		286D3DCC24B9C5FB006CB649 /* SIT */ = {
			isa = XCBuildConfiguration;
			buildSettings = {
				ASSETCATALOG_COMPILER_APPICON_NAME = AppIcon;
				ASSETCATALOG_COMPILER_GLOBAL_ACCENT_COLOR_NAME = AccentColor;
				BASE_SERVER_URL = "https://green.buildtest.com";
				CODE_SIGN_IDENTITY = "iPhone Distribution";
				CODE_SIGN_STYLE = Manual;
				DEVELOPMENT_ASSET_PATHS = "\"BuildTest/Preview Content\"";
				DEVELOPMENT_TEAM = XS6M342923;
				ENABLE_PREVIEWS = YES;
				INFOPLIST_FILE = "$(RESOURCES)/Info.plist";
				IPHONEOS_DEPLOYMENT_TARGET = 14.0;
				LD_RUNPATH_SEARCH_PATHS = (
					"$(inherited)",
					"@executable_path/Frameworks",
				);
				PRODUCT_BUNDLE_IDENTIFIER = com.uk.jonathonjamesltd.buildtest.green.sit;
				PRODUCT_NAME = "$(TARGET_NAME)";
				PROVISIONING_PROFILE_SPECIFIER = "BuildTest (Green) - SIT";
				RESOURCES = BuildTest/Resources/Green;
				SERVER_URL = "$(BASE_SERVER_URL)/api/sit";
				SWIFT_VERSION = 5.0;
				TARGETED_DEVICE_FAMILY = "1,2";
			};
			name = SIT;
		};
		286D3DCD24B9C5FB006CB649 /* SIT */ = {
			isa = XCBuildConfiguration;
			buildSettings = {
				ASSETCATALOG_COMPILER_APPICON_NAME = AppIcon;
				ASSETCATALOG_COMPILER_GLOBAL_ACCENT_COLOR_NAME = AccentColor;
				BASE_SERVER_URL = "https://blue.buildtest.com";
				CODE_SIGN_IDENTITY = "iPhone Distribution";
				CODE_SIGN_STYLE = Manual;
				DEVELOPMENT_ASSET_PATHS = "\"BuildTest/Preview Content\"";
				DEVELOPMENT_TEAM = XS6M342923;
				ENABLE_PREVIEWS = YES;
				INFOPLIST_FILE = "$(RESOURCES)/Info.plist";
				IPHONEOS_DEPLOYMENT_TARGET = 14.0;
				LD_RUNPATH_SEARCH_PATHS = (
					"$(inherited)",
					"@executable_path/Frameworks",
				);
				PRODUCT_BUNDLE_IDENTIFIER = com.uk.jonathonjamesltd.buildtest.blue.sit;
				PRODUCT_NAME = "$(TARGET_NAME)";
				PROVISIONING_PROFILE_SPECIFIER = "BuildTest (Blue) - SIT";
				RESOURCES = BuildTest/Resources/Blue;
				SERVER_URL = "$(BASE_SERVER_URL)/api/sit";
				SWIFT_VERSION = 5.0;
				TARGETED_DEVICE_FAMILY = "1,2";
			};
			name = SIT;
		};
		286D3DCE24B9C5FB006CB649 /* SIT */ = {
			isa = XCBuildConfiguration;
			buildSettings = {
				ASSETCATALOG_COMPILER_APPICON_NAME = AppIcon;
				ASSETCATALOG_COMPILER_GLOBAL_ACCENT_COLOR_NAME = AccentColor;
				BASE_SERVER_URL = "https://yellow.buildtest.com";
				CODE_SIGN_IDENTITY = "iPhone Distribution";
				CODE_SIGN_STYLE = Manual;
				DEVELOPMENT_ASSET_PATHS = "\"BuildTest/Preview Content\"";
				DEVELOPMENT_TEAM = XS6M342923;
				ENABLE_PREVIEWS = YES;
				INFOPLIST_FILE = "$(RESOURCES)/Info.plist";
				IPHONEOS_DEPLOYMENT_TARGET = 14.0;
				LD_RUNPATH_SEARCH_PATHS = (
					"$(inherited)",
					"@executable_path/Frameworks",
				);
				PRODUCT_BUNDLE_IDENTIFIER = com.uk.jonathonjamesltd.buildtest.yellow.sit;
				PRODUCT_NAME = "$(TARGET_NAME)";
				PROVISIONING_PROFILE_SPECIFIER = "BuildTest (Yellow) - SIT";
				RESOURCES = BuildTest/Resources/Yellow;
				SERVER_URL = "$(BASE_SERVER_URL)/api/sit";
				SWIFT_VERSION = 5.0;
				TARGETED_DEVICE_FAMILY = "1,2";
			};
			name = SIT;
		};
		286D3DCF24B9C5FB006CB649 /* SIT */ = {
			isa = XCBuildConfiguration;
			buildSettings = {
				ASSETCATALOG_COMPILER_APPICON_NAME = AppIcon;
				ASSETCATALOG_COMPILER_GLOBAL_ACCENT_COLOR_NAME = AccentColor;
				BASE_SERVER_URL = "https://red.buildtest.com";
				CODE_SIGN_IDENTITY = "iPhone Distribution";
				CODE_SIGN_STYLE = Manual;
				DEVELOPMENT_ASSET_PATHS = "\"BuildTest/Preview Content\"";
				DEVELOPMENT_TEAM = XS6M342923;
				ENABLE_PREVIEWS = YES;
				INFOPLIST_FILE = "$(RESOURCES)/Info.plist";
				IPHONEOS_DEPLOYMENT_TARGET = 14.0;
				LD_RUNPATH_SEARCH_PATHS = (
					"$(inherited)",
					"@executable_path/Frameworks",
				);
				PRODUCT_BUNDLE_IDENTIFIER = com.uk.jonathonjamesltd.buildtest.red.sit;
				PRODUCT_NAME = "$(TARGET_NAME)";
				PROVISIONING_PROFILE_SPECIFIER = "BuildTest (Red) - SIT";
				RESOURCES = BuildTest/Resources/Red;
				SERVER_URL = "$(BASE_SERVER_URL)/api/sit";
				SWIFT_VERSION = 5.0;
				TARGETED_DEVICE_FAMILY = "1,2";
			};
			name = SIT;
		};
		286D3DD024B9C5FB006CB649 /* SIT */ = {
			isa = XCBuildConfiguration;
			buildSettings = {
				ALWAYS_EMBED_SWIFT_STANDARD_LIBRARIES = YES;
				BUNDLE_LOADER = "$(TEST_HOST)";
				CODE_SIGN_STYLE = Automatic;
				DEVELOPMENT_TEAM = XS6M342923;
				INFOPLIST_FILE = BuildTestTests/Info.plist;
				IPHONEOS_DEPLOYMENT_TARGET = 14.0;
				LD_RUNPATH_SEARCH_PATHS = (
					"$(inherited)",
					"@executable_path/Frameworks",
					"@loader_path/Frameworks",
				);
				PRODUCT_BUNDLE_IDENTIFIER = jonathonjamesltd.BuildTestTests;
				PRODUCT_NAME = "$(TARGET_NAME)";
				SWIFT_VERSION = 5.0;
				TARGETED_DEVICE_FAMILY = "1,2";
				TEST_HOST = "$(BUILT_PRODUCTS_DIR)/BuildTest.app/BuildTest";
			};
			name = SIT;
		};
		286D3DD124B9C5FB006CB649 /* SIT */ = {
			isa = XCBuildConfiguration;
			buildSettings = {
				ALWAYS_EMBED_SWIFT_STANDARD_LIBRARIES = YES;
				CODE_SIGN_STYLE = Automatic;
				DEVELOPMENT_TEAM = XS6M342923;
				INFOPLIST_FILE = BuildTestUITests/Info.plist;
				LD_RUNPATH_SEARCH_PATHS = (
					"$(inherited)",
					"@executable_path/Frameworks",
					"@loader_path/Frameworks",
				);
				PRODUCT_BUNDLE_IDENTIFIER = jonathonjamesltd.BuildTestUITests;
				PRODUCT_NAME = "$(TARGET_NAME)";
				SWIFT_VERSION = 5.0;
				TARGETED_DEVICE_FAMILY = "1,2";
				TEST_TARGET_NAME = BuildTest;
			};
			name = SIT;
		};
		286D3DD224B9C632006CB649 /* INT */ = {
			isa = XCBuildConfiguration;
			buildSettings = {
				ALWAYS_SEARCH_USER_PATHS = NO;
				CLANG_ANALYZER_NONNULL = YES;
				CLANG_ANALYZER_NUMBER_OBJECT_CONVERSION = YES_AGGRESSIVE;
				CLANG_CXX_LANGUAGE_STANDARD = "gnu++14";
				CLANG_CXX_LIBRARY = "libc++";
				CLANG_ENABLE_MODULES = YES;
				CLANG_ENABLE_OBJC_ARC = YES;
				CLANG_ENABLE_OBJC_WEAK = YES;
				CLANG_WARN_BLOCK_CAPTURE_AUTORELEASING = YES;
				CLANG_WARN_BOOL_CONVERSION = YES;
				CLANG_WARN_COMMA = YES;
				CLANG_WARN_CONSTANT_CONVERSION = YES;
				CLANG_WARN_DEPRECATED_OBJC_IMPLEMENTATIONS = YES;
				CLANG_WARN_DIRECT_OBJC_ISA_USAGE = YES_ERROR;
				CLANG_WARN_DOCUMENTATION_COMMENTS = YES;
				CLANG_WARN_EMPTY_BODY = YES;
				CLANG_WARN_ENUM_CONVERSION = YES;
				CLANG_WARN_INFINITE_RECURSION = YES;
				CLANG_WARN_INT_CONVERSION = YES;
				CLANG_WARN_NON_LITERAL_NULL_CONVERSION = YES;
				CLANG_WARN_OBJC_IMPLICIT_RETAIN_SELF = YES;
				CLANG_WARN_OBJC_LITERAL_CONVERSION = YES;
				CLANG_WARN_OBJC_ROOT_CLASS = YES_ERROR;
				CLANG_WARN_QUOTED_INCLUDE_IN_FRAMEWORK_HEADER = YES;
				CLANG_WARN_RANGE_LOOP_ANALYSIS = YES;
				CLANG_WARN_STRICT_PROTOTYPES = YES;
				CLANG_WARN_SUSPICIOUS_MOVE = YES;
				CLANG_WARN_UNGUARDED_AVAILABILITY = YES_AGGRESSIVE;
				CLANG_WARN_UNREACHABLE_CODE = YES;
				CLANG_WARN__DUPLICATE_METHOD_MATCH = YES;
				COPY_PHASE_STRIP = NO;
				DEBUG_INFORMATION_FORMAT = "dwarf-with-dsym";
				ENABLE_NS_ASSERTIONS = NO;
				ENABLE_STRICT_OBJC_MSGSEND = YES;
				GCC_C_LANGUAGE_STANDARD = gnu11;
				GCC_NO_COMMON_BLOCKS = YES;
				GCC_WARN_64_TO_32_BIT_CONVERSION = YES;
				GCC_WARN_ABOUT_RETURN_TYPE = YES_ERROR;
				GCC_WARN_UNDECLARED_SELECTOR = YES;
				GCC_WARN_UNINITIALIZED_AUTOS = YES_AGGRESSIVE;
				GCC_WARN_UNUSED_FUNCTION = YES;
				GCC_WARN_UNUSED_VARIABLE = YES;
				IPHONEOS_DEPLOYMENT_TARGET = 14.0;
				MTL_ENABLE_DEBUG_INFO = NO;
				MTL_FAST_MATH = YES;
				SDKROOT = iphoneos;
				SWIFT_COMPILATION_MODE = wholemodule;
				SWIFT_OPTIMIZATION_LEVEL = "-O";
				VALIDATE_PRODUCT = YES;
			};
			name = INT;
		};
		286D3DD324B9C632006CB649 /* INT */ = {
			isa = XCBuildConfiguration;
			buildSettings = {
				ASSETCATALOG_COMPILER_APPICON_NAME = AppIcon;
				ASSETCATALOG_COMPILER_GLOBAL_ACCENT_COLOR_NAME = AccentColor;
				BASE_SERVER_URL = "https://green.buildtest.com";
				CODE_SIGN_IDENTITY = "iPhone Distribution";
				CODE_SIGN_STYLE = Manual;
				DEVELOPMENT_ASSET_PATHS = "\"BuildTest/Preview Content\"";
				DEVELOPMENT_TEAM = XS6M342923;
				ENABLE_PREVIEWS = YES;
				INFOPLIST_FILE = "$(RESOURCES)/Info.plist";
				IPHONEOS_DEPLOYMENT_TARGET = 14.0;
				LD_RUNPATH_SEARCH_PATHS = (
					"$(inherited)",
					"@executable_path/Frameworks",
				);
				PRODUCT_BUNDLE_IDENTIFIER = com.uk.jonathonjamesltd.buildtest.green.int;
				PRODUCT_NAME = "$(TARGET_NAME)";
				PROVISIONING_PROFILE_SPECIFIER = "BuildTest (Green) - INT";
				RESOURCES = BuildTest/Resources/Green;
				SERVER_URL = "$(BASE_SERVER_URL)/api/int";
				SWIFT_VERSION = 5.0;
				TARGETED_DEVICE_FAMILY = "1,2";
			};
			name = INT;
		};
		286D3DD424B9C632006CB649 /* INT */ = {
			isa = XCBuildConfiguration;
			buildSettings = {
				ASSETCATALOG_COMPILER_APPICON_NAME = AppIcon;
				ASSETCATALOG_COMPILER_GLOBAL_ACCENT_COLOR_NAME = AccentColor;
				BASE_SERVER_URL = "https://blue.buildtest.com";
				CODE_SIGN_IDENTITY = "iPhone Distribution";
				CODE_SIGN_STYLE = Manual;
				DEVELOPMENT_ASSET_PATHS = "\"BuildTest/Preview Content\"";
				DEVELOPMENT_TEAM = XS6M342923;
				ENABLE_PREVIEWS = YES;
				INFOPLIST_FILE = "$(RESOURCES)/Info.plist";
				IPHONEOS_DEPLOYMENT_TARGET = 14.0;
				LD_RUNPATH_SEARCH_PATHS = (
					"$(inherited)",
					"@executable_path/Frameworks",
				);
				PRODUCT_BUNDLE_IDENTIFIER = com.uk.jonathonjamesltd.buildtest.blue.int;
				PRODUCT_NAME = "$(TARGET_NAME)";
				PROVISIONING_PROFILE_SPECIFIER = "BuildTest (Blue) - INT";
				RESOURCES = BuildTest/Resources/Blue;
				SERVER_URL = "$(BASE_SERVER_URL)/api/int";
				SWIFT_VERSION = 5.0;
				TARGETED_DEVICE_FAMILY = "1,2";
			};
			name = INT;
		};
		286D3DD524B9C632006CB649 /* INT */ = {
			isa = XCBuildConfiguration;
			buildSettings = {
				ASSETCATALOG_COMPILER_APPICON_NAME = AppIcon;
				ASSETCATALOG_COMPILER_GLOBAL_ACCENT_COLOR_NAME = AccentColor;
				BASE_SERVER_URL = "https://yellow.buildtest.com";
				CODE_SIGN_IDENTITY = "iPhone Distribution";
				CODE_SIGN_STYLE = Manual;
				DEVELOPMENT_ASSET_PATHS = "\"BuildTest/Preview Content\"";
				DEVELOPMENT_TEAM = XS6M342923;
				ENABLE_PREVIEWS = YES;
				INFOPLIST_FILE = "$(RESOURCES)/Info.plist";
				IPHONEOS_DEPLOYMENT_TARGET = 14.0;
				LD_RUNPATH_SEARCH_PATHS = (
					"$(inherited)",
					"@executable_path/Frameworks",
				);
				PRODUCT_BUNDLE_IDENTIFIER = com.uk.jonathonjamesltd.buildtest.yellow.int;
				PRODUCT_NAME = "$(TARGET_NAME)";
				PROVISIONING_PROFILE_SPECIFIER = "BuildTest (Yellow) - INT";
				RESOURCES = BuildTest/Resources/Yellow;
				SERVER_URL = "$(BASE_SERVER_URL)/api/int";
				SWIFT_VERSION = 5.0;
				TARGETED_DEVICE_FAMILY = "1,2";
			};
			name = INT;
		};
		286D3DD624B9C632006CB649 /* INT */ = {
			isa = XCBuildConfiguration;
			buildSettings = {
				ASSETCATALOG_COMPILER_APPICON_NAME = AppIcon;
				ASSETCATALOG_COMPILER_GLOBAL_ACCENT_COLOR_NAME = AccentColor;
				BASE_SERVER_URL = "https://red.buildtest.com";
				CODE_SIGN_IDENTITY = "iPhone Distribution";
				CODE_SIGN_STYLE = Manual;
				DEVELOPMENT_ASSET_PATHS = "\"BuildTest/Preview Content\"";
				DEVELOPMENT_TEAM = XS6M342923;
				ENABLE_PREVIEWS = YES;
				INFOPLIST_FILE = "$(RESOURCES)/Info.plist";
				IPHONEOS_DEPLOYMENT_TARGET = 14.0;
				LD_RUNPATH_SEARCH_PATHS = (
					"$(inherited)",
					"@executable_path/Frameworks",
				);
				PRODUCT_BUNDLE_IDENTIFIER = com.uk.jonathonjamesltd.buildtest.red.int;
				PRODUCT_NAME = "$(TARGET_NAME)";
				PROVISIONING_PROFILE_SPECIFIER = "BuildTest (Red) - INT";
				RESOURCES = BuildTest/Resources/Red;
				SERVER_URL = "$(BASE_SERVER_URL)/api/int";
				SWIFT_VERSION = 5.0;
				TARGETED_DEVICE_FAMILY = "1,2";
			};
			name = INT;
		};
		286D3DD724B9C632006CB649 /* INT */ = {
			isa = XCBuildConfiguration;
			buildSettings = {
				ALWAYS_EMBED_SWIFT_STANDARD_LIBRARIES = YES;
				BUNDLE_LOADER = "$(TEST_HOST)";
				CODE_SIGN_STYLE = Automatic;
				DEVELOPMENT_TEAM = XS6M342923;
				INFOPLIST_FILE = BuildTestTests/Info.plist;
				IPHONEOS_DEPLOYMENT_TARGET = 14.0;
				LD_RUNPATH_SEARCH_PATHS = (
					"$(inherited)",
					"@executable_path/Frameworks",
					"@loader_path/Frameworks",
				);
				PRODUCT_BUNDLE_IDENTIFIER = jonathonjamesltd.BuildTestTests;
				PRODUCT_NAME = "$(TARGET_NAME)";
				SWIFT_VERSION = 5.0;
				TARGETED_DEVICE_FAMILY = "1,2";
				TEST_HOST = "$(BUILT_PRODUCTS_DIR)/BuildTest.app/BuildTest";
			};
			name = INT;
		};
		286D3DD824B9C632006CB649 /* INT */ = {
			isa = XCBuildConfiguration;
			buildSettings = {
				ALWAYS_EMBED_SWIFT_STANDARD_LIBRARIES = YES;
				CODE_SIGN_STYLE = Automatic;
				DEVELOPMENT_TEAM = XS6M342923;
				INFOPLIST_FILE = BuildTestUITests/Info.plist;
				LD_RUNPATH_SEARCH_PATHS = (
					"$(inherited)",
					"@executable_path/Frameworks",
					"@loader_path/Frameworks",
				);
				PRODUCT_BUNDLE_IDENTIFIER = jonathonjamesltd.BuildTestUITests;
				PRODUCT_NAME = "$(TARGET_NAME)";
				SWIFT_VERSION = 5.0;
				TARGETED_DEVICE_FAMILY = "1,2";
				TEST_TARGET_NAME = BuildTest;
			};
			name = INT;
		};
		286D3DD924B9C63A006CB649 /* Demo */ = {
			isa = XCBuildConfiguration;
			buildSettings = {
				ALWAYS_SEARCH_USER_PATHS = NO;
				CLANG_ANALYZER_NONNULL = YES;
				CLANG_ANALYZER_NUMBER_OBJECT_CONVERSION = YES_AGGRESSIVE;
				CLANG_CXX_LANGUAGE_STANDARD = "gnu++14";
				CLANG_CXX_LIBRARY = "libc++";
				CLANG_ENABLE_MODULES = YES;
				CLANG_ENABLE_OBJC_ARC = YES;
				CLANG_ENABLE_OBJC_WEAK = YES;
				CLANG_WARN_BLOCK_CAPTURE_AUTORELEASING = YES;
				CLANG_WARN_BOOL_CONVERSION = YES;
				CLANG_WARN_COMMA = YES;
				CLANG_WARN_CONSTANT_CONVERSION = YES;
				CLANG_WARN_DEPRECATED_OBJC_IMPLEMENTATIONS = YES;
				CLANG_WARN_DIRECT_OBJC_ISA_USAGE = YES_ERROR;
				CLANG_WARN_DOCUMENTATION_COMMENTS = YES;
				CLANG_WARN_EMPTY_BODY = YES;
				CLANG_WARN_ENUM_CONVERSION = YES;
				CLANG_WARN_INFINITE_RECURSION = YES;
				CLANG_WARN_INT_CONVERSION = YES;
				CLANG_WARN_NON_LITERAL_NULL_CONVERSION = YES;
				CLANG_WARN_OBJC_IMPLICIT_RETAIN_SELF = YES;
				CLANG_WARN_OBJC_LITERAL_CONVERSION = YES;
				CLANG_WARN_OBJC_ROOT_CLASS = YES_ERROR;
				CLANG_WARN_QUOTED_INCLUDE_IN_FRAMEWORK_HEADER = YES;
				CLANG_WARN_RANGE_LOOP_ANALYSIS = YES;
				CLANG_WARN_STRICT_PROTOTYPES = YES;
				CLANG_WARN_SUSPICIOUS_MOVE = YES;
				CLANG_WARN_UNGUARDED_AVAILABILITY = YES_AGGRESSIVE;
				CLANG_WARN_UNREACHABLE_CODE = YES;
				CLANG_WARN__DUPLICATE_METHOD_MATCH = YES;
				COPY_PHASE_STRIP = NO;
				DEBUG_INFORMATION_FORMAT = "dwarf-with-dsym";
				ENABLE_NS_ASSERTIONS = NO;
				ENABLE_STRICT_OBJC_MSGSEND = YES;
				GCC_C_LANGUAGE_STANDARD = gnu11;
				GCC_NO_COMMON_BLOCKS = YES;
				GCC_WARN_64_TO_32_BIT_CONVERSION = YES;
				GCC_WARN_ABOUT_RETURN_TYPE = YES_ERROR;
				GCC_WARN_UNDECLARED_SELECTOR = YES;
				GCC_WARN_UNINITIALIZED_AUTOS = YES_AGGRESSIVE;
				GCC_WARN_UNUSED_FUNCTION = YES;
				GCC_WARN_UNUSED_VARIABLE = YES;
				IPHONEOS_DEPLOYMENT_TARGET = 14.0;
				MTL_ENABLE_DEBUG_INFO = NO;
				MTL_FAST_MATH = YES;
				SDKROOT = iphoneos;
				SWIFT_COMPILATION_MODE = wholemodule;
				SWIFT_OPTIMIZATION_LEVEL = "-O";
				VALIDATE_PRODUCT = YES;
			};
			name = Demo;
		};
		286D3DDA24B9C63A006CB649 /* Demo */ = {
			isa = XCBuildConfiguration;
			buildSettings = {
				ASSETCATALOG_COMPILER_APPICON_NAME = AppIcon;
				ASSETCATALOG_COMPILER_GLOBAL_ACCENT_COLOR_NAME = AccentColor;
				BASE_SERVER_URL = "https://green.buildtest.com";
				CODE_SIGN_IDENTITY = "iPhone Distribution";
				CODE_SIGN_STYLE = Manual;
				DEVELOPMENT_ASSET_PATHS = "\"BuildTest/Preview Content\"";
				DEVELOPMENT_TEAM = XS6M342923;
				ENABLE_PREVIEWS = YES;
				INFOPLIST_FILE = "$(RESOURCES)/Info.plist";
				IPHONEOS_DEPLOYMENT_TARGET = 14.0;
				LD_RUNPATH_SEARCH_PATHS = (
					"$(inherited)",
					"@executable_path/Frameworks",
				);
				PRODUCT_BUNDLE_IDENTIFIER = com.uk.jonathonjamesltd.buildtest.green.demo;
				PRODUCT_NAME = "$(TARGET_NAME)";
				PROVISIONING_PROFILE_SPECIFIER = "BuildTest (Green) - Demo";
				RESOURCES = BuildTest/Resources/Green;
				SERVER_URL = "$(BASE_SERVER_URL)/api/demo";
				SWIFT_VERSION = 5.0;
				TARGETED_DEVICE_FAMILY = "1,2";
			};
			name = Demo;
		};
		286D3DDB24B9C63A006CB649 /* Demo */ = {
			isa = XCBuildConfiguration;
			buildSettings = {
				ASSETCATALOG_COMPILER_APPICON_NAME = AppIcon;
				ASSETCATALOG_COMPILER_GLOBAL_ACCENT_COLOR_NAME = AccentColor;
				BASE_SERVER_URL = "https://blue.buildtest.com";
				CODE_SIGN_IDENTITY = "iPhone Distribution";
				CODE_SIGN_STYLE = Manual;
				DEVELOPMENT_ASSET_PATHS = "\"BuildTest/Preview Content\"";
				DEVELOPMENT_TEAM = XS6M342923;
				ENABLE_PREVIEWS = YES;
				INFOPLIST_FILE = "$(RESOURCES)/Info.plist";
				IPHONEOS_DEPLOYMENT_TARGET = 14.0;
				LD_RUNPATH_SEARCH_PATHS = (
					"$(inherited)",
					"@executable_path/Frameworks",
				);
				PRODUCT_BUNDLE_IDENTIFIER = com.uk.jonathonjamesltd.buildtest.blue.demo;
				PRODUCT_NAME = "$(TARGET_NAME)";
				PROVISIONING_PROFILE_SPECIFIER = "BuildTest (Blue) - Demo";
				RESOURCES = BuildTest/Resources/Blue;
				SERVER_URL = "$(BASE_SERVER_URL)/api/demo";
				SWIFT_VERSION = 5.0;
				TARGETED_DEVICE_FAMILY = "1,2";
			};
			name = Demo;
		};
		286D3DDC24B9C63A006CB649 /* Demo */ = {
			isa = XCBuildConfiguration;
			buildSettings = {
				ASSETCATALOG_COMPILER_APPICON_NAME = AppIcon;
				ASSETCATALOG_COMPILER_GLOBAL_ACCENT_COLOR_NAME = AccentColor;
				BASE_SERVER_URL = "https://yellow.buildtest.com";
				CODE_SIGN_IDENTITY = "iPhone Distribution";
				CODE_SIGN_STYLE = Manual;
				DEVELOPMENT_ASSET_PATHS = "\"BuildTest/Preview Content\"";
				DEVELOPMENT_TEAM = XS6M342923;
				ENABLE_PREVIEWS = YES;
				INFOPLIST_FILE = "$(RESOURCES)/Info.plist";
				IPHONEOS_DEPLOYMENT_TARGET = 14.0;
				LD_RUNPATH_SEARCH_PATHS = (
					"$(inherited)",
					"@executable_path/Frameworks",
				);
				PRODUCT_BUNDLE_IDENTIFIER = com.uk.jonathonjamesltd.buildtest.yellow.demo;
				PRODUCT_NAME = "$(TARGET_NAME)";
				PROVISIONING_PROFILE_SPECIFIER = "BuildTest (Yellow) - Demo";
				RESOURCES = BuildTest/Resources/Yellow;
				SERVER_URL = "$(BASE_SERVER_URL)/api/demo";
				SWIFT_VERSION = 5.0;
				TARGETED_DEVICE_FAMILY = "1,2";
			};
			name = Demo;
		};
		286D3DDD24B9C63A006CB649 /* Demo */ = {
			isa = XCBuildConfiguration;
			buildSettings = {
				ASSETCATALOG_COMPILER_APPICON_NAME = AppIcon;
				ASSETCATALOG_COMPILER_GLOBAL_ACCENT_COLOR_NAME = AccentColor;
				BASE_SERVER_URL = "https://red.buildtest.com";
				CODE_SIGN_IDENTITY = "iPhone Distribution";
				CODE_SIGN_STYLE = Manual;
				DEVELOPMENT_ASSET_PATHS = "\"BuildTest/Preview Content\"";
				DEVELOPMENT_TEAM = XS6M342923;
				ENABLE_PREVIEWS = YES;
				INFOPLIST_FILE = "$(RESOURCES)/Info.plist";
				IPHONEOS_DEPLOYMENT_TARGET = 14.0;
				LD_RUNPATH_SEARCH_PATHS = (
					"$(inherited)",
					"@executable_path/Frameworks",
				);
				PRODUCT_BUNDLE_IDENTIFIER = com.uk.jonathonjamesltd.buildtest.red.demo;
				PRODUCT_NAME = "$(TARGET_NAME)";
				PROVISIONING_PROFILE_SPECIFIER = "BuildTest (Red) - Demo";
				RESOURCES = BuildTest/Resources/Red;
				SERVER_URL = "$(BASE_SERVER_URL)/api/demo";
				SWIFT_VERSION = 5.0;
				TARGETED_DEVICE_FAMILY = "1,2";
			};
			name = Demo;
		};
		286D3DDE24B9C63A006CB649 /* Demo */ = {
			isa = XCBuildConfiguration;
			buildSettings = {
				ALWAYS_EMBED_SWIFT_STANDARD_LIBRARIES = YES;
				BUNDLE_LOADER = "$(TEST_HOST)";
				CODE_SIGN_STYLE = Automatic;
				DEVELOPMENT_TEAM = XS6M342923;
				INFOPLIST_FILE = BuildTestTests/Info.plist;
				IPHONEOS_DEPLOYMENT_TARGET = 14.0;
				LD_RUNPATH_SEARCH_PATHS = (
					"$(inherited)",
					"@executable_path/Frameworks",
					"@loader_path/Frameworks",
				);
				PRODUCT_BUNDLE_IDENTIFIER = jonathonjamesltd.BuildTestTests;
				PRODUCT_NAME = "$(TARGET_NAME)";
				SWIFT_VERSION = 5.0;
				TARGETED_DEVICE_FAMILY = "1,2";
				TEST_HOST = "$(BUILT_PRODUCTS_DIR)/BuildTest.app/BuildTest";
			};
			name = Demo;
		};
		286D3DDF24B9C63A006CB649 /* Demo */ = {
			isa = XCBuildConfiguration;
			buildSettings = {
				ALWAYS_EMBED_SWIFT_STANDARD_LIBRARIES = YES;
				CODE_SIGN_STYLE = Automatic;
				DEVELOPMENT_TEAM = XS6M342923;
				INFOPLIST_FILE = BuildTestUITests/Info.plist;
				LD_RUNPATH_SEARCH_PATHS = (
					"$(inherited)",
					"@executable_path/Frameworks",
					"@loader_path/Frameworks",
				);
				PRODUCT_BUNDLE_IDENTIFIER = jonathonjamesltd.BuildTestUITests;
				PRODUCT_NAME = "$(TARGET_NAME)";
				SWIFT_VERSION = 5.0;
				TARGETED_DEVICE_FAMILY = "1,2";
				TEST_TARGET_NAME = BuildTest;
			};
			name = Demo;
		};
/* End XCBuildConfiguration section */

/* Begin XCConfigurationList section */
		286D3D7124B9BFFC006CB649 /* Build configuration list for PBXProject "BuildTest" */ = {
			isa = XCConfigurationList;
			buildConfigurations = (
				286D3D9924B9BFFD006CB649 /* Debug */,
				286D3D9A24B9BFFD006CB649 /* Production */,
				286D3DD924B9C63A006CB649 /* Demo */,
				286D3DCB24B9C5FB006CB649 /* SIT */,
				286D3DD224B9C632006CB649 /* INT */,
			);
			defaultConfigurationIsVisible = 0;
			defaultConfigurationName = Production;
		};
		286D3D9B24B9BFFD006CB649 /* Build configuration list for PBXNativeTarget "BuildTest (Green)" */ = {
			isa = XCConfigurationList;
			buildConfigurations = (
				286D3D9C24B9BFFD006CB649 /* Debug */,
				286D3D9D24B9BFFD006CB649 /* Production */,
				286D3DDA24B9C63A006CB649 /* Demo */,
				286D3DCC24B9C5FB006CB649 /* SIT */,
				286D3DD324B9C632006CB649 /* INT */,
			);
			defaultConfigurationIsVisible = 0;
			defaultConfigurationName = Production;
		};
		286D3D9E24B9BFFD006CB649 /* Build configuration list for PBXNativeTarget "BuildTestTests" */ = {
			isa = XCConfigurationList;
			buildConfigurations = (
				286D3D9F24B9BFFD006CB649 /* Debug */,
				286D3DA024B9BFFD006CB649 /* Production */,
				286D3DDE24B9C63A006CB649 /* Demo */,
				286D3DD024B9C5FB006CB649 /* SIT */,
				286D3DD724B9C632006CB649 /* INT */,
			);
			defaultConfigurationIsVisible = 0;
			defaultConfigurationName = Production;
		};
		286D3DA124B9BFFD006CB649 /* Build configuration list for PBXNativeTarget "BuildTestUITests" */ = {
			isa = XCConfigurationList;
			buildConfigurations = (
				286D3DA224B9BFFD006CB649 /* Debug */,
				286D3DA324B9BFFD006CB649 /* Production */,
				286D3DDF24B9C63A006CB649 /* Demo */,
				286D3DD124B9C5FB006CB649 /* SIT */,
				286D3DD824B9C632006CB649 /* INT */,
			);
			defaultConfigurationIsVisible = 0;
			defaultConfigurationName = Production;
		};
		286D3DAC24B9C28F006CB649 /* Build configuration list for PBXNativeTarget "BuildTest (Blue)" */ = {
			isa = XCConfigurationList;
			buildConfigurations = (
				286D3DAD24B9C28F006CB649 /* Debug */,
				286D3DAE24B9C28F006CB649 /* Production */,
				286D3DDB24B9C63A006CB649 /* Demo */,
				286D3DCD24B9C5FB006CB649 /* SIT */,
				286D3DD424B9C632006CB649 /* INT */,
			);
			defaultConfigurationIsVisible = 0;
			defaultConfigurationName = Production;
		};
		286D3DB924B9C29D006CB649 /* Build configuration list for PBXNativeTarget "BuildTest (Yellow)" */ = {
			isa = XCConfigurationList;
			buildConfigurations = (
				286D3DBA24B9C29D006CB649 /* Debug */,
				286D3DBB24B9C29D006CB649 /* Production */,
				286D3DDC24B9C63A006CB649 /* Demo */,
				286D3DCE24B9C5FB006CB649 /* SIT */,
				286D3DD524B9C632006CB649 /* INT */,
			);
			defaultConfigurationIsVisible = 0;
			defaultConfigurationName = Production;
		};
		286D3DC624B9C2B0006CB649 /* Build configuration list for PBXNativeTarget "BuildTest (Red)" */ = {
			isa = XCConfigurationList;
			buildConfigurations = (
				286D3DC724B9C2B0006CB649 /* Debug */,
				286D3DC824B9C2B0006CB649 /* Production */,
				286D3DDD24B9C63A006CB649 /* Demo */,
				286D3DCF24B9C5FB006CB649 /* SIT */,
				286D3DD624B9C632006CB649 /* INT */,
			);
			defaultConfigurationIsVisible = 0;
			defaultConfigurationName = Production;
		};
/* End XCConfigurationList section */
	};
	rootObject = 286D3D6E24B9BFFC006CB649 /* Project object */;
}
